// !$*UTF8*$!
{
	archiveVersion = 1;
	classes = {
	};
	objectVersion = 50;
	objects = {

/* Begin PBXBuildFile section */
		FF7A2FA1267DB3510045EBAF /* AppDelegate.swift in Sources */ = {isa = PBXBuildFile; fileRef = FF7A2FA0267DB3510045EBAF /* AppDelegate.swift */; };
		FF7A2FA3267DB3510045EBAF /* SceneDelegate.swift in Sources */ = {isa = PBXBuildFile; fileRef = FF7A2FA2267DB3510045EBAF /* SceneDelegate.swift */; };
		FF7A2FA5267DB3510045EBAF /* ViewController.swift in Sources */ = {isa = PBXBuildFile; fileRef = FF7A2FA4267DB3510045EBAF /* ViewController.swift */; };
		FF7A2FA8267DB3510045EBAF /* Main.storyboard in Resources */ = {isa = PBXBuildFile; fileRef = FF7A2FA6267DB3510045EBAF /* Main.storyboard */; };
		FF7A2FAA267DB3530045EBAF /* Assets.xcassets in Resources */ = {isa = PBXBuildFile; fileRef = FF7A2FA9267DB3530045EBAF /* Assets.xcassets */; };
		FF7A2FAD267DB3530045EBAF /* LaunchScreen.storyboard in Resources */ = {isa = PBXBuildFile; fileRef = FF7A2FAB267DB3530045EBAF /* LaunchScreen.storyboard */; };
/* End PBXBuildFile section */

/* Begin PBXFileReference section */
		FF7A2F9D267DB3510045EBAF /* tableViewWithSectionAndDic.app */ = {isa = PBXFileReference; explicitFileType = wrapper.application; includeInIndex = 0; path = tableViewWithSectionAndDic.app; sourceTree = BUILT_PRODUCTS_DIR; };
		FF7A2FA0267DB3510045EBAF /* AppDelegate.swift */ = {isa = PBXFileReference; lastKnownFileType = sourcecode.swift; path = AppDelegate.swift; sourceTree = "<group>"; };
		FF7A2FA2267DB3510045EBAF /* SceneDelegate.swift */ = {isa = PBXFileReference; lastKnownFileType = sourcecode.swift; path = SceneDelegate.swift; sourceTree = "<group>"; };
		FF7A2FA4267DB3510045EBAF /* ViewController.swift */ = {isa = PBXFileReference; lastKnownFileType = sourcecode.swift; path = ViewController.swift; sourceTree = "<group>"; };
		FF7A2FA7267DB3510045EBAF /* Base */ = {isa = PBXFileReference; lastKnownFileType = file.storyboard; name = Base; path = Base.lproj/Main.storyboard; sourceTree = "<group>"; };
		FF7A2FA9267DB3530045EBAF /* Assets.xcassets */ = {isa = PBXFileReference; lastKnownFileType = folder.assetcatalog; path = Assets.xcassets; sourceTree = "<group>"; };
		FF7A2FAC267DB3530045EBAF /* Base */ = {isa = PBXFileReference; lastKnownFileType = file.storyboard; name = Base; path = Base.lproj/LaunchScreen.storyboard; sourceTree = "<group>"; };
		FF7A2FAE267DB3530045EBAF /* Info.plist */ = {isa = PBXFileReference; lastKnownFileType = text.plist.xml; path = Info.plist; sourceTree = "<group>"; };
/* End PBXFileReference section */

/* Begin PBXFrameworksBuildPhase section */
		FF7A2F9A267DB3510045EBAF /* Frameworks */ = {
			isa = PBXFrameworksBuildPhase;
			buildActionMask = 2147483647;
			files = (
			);
			runOnlyForDeploymentPostprocessing = 0;
		};
/* End PBXFrameworksBuildPhase section */

/* Begin PBXGroup section */
		FF7A2F94267DB3510045EBAF = {
			isa = PBXGroup;
			children = (
				FF7A2F9F267DB3510045EBAF /* tableViewWithSectionAndDic */,
				FF7A2F9E267DB3510045EBAF /* Products */,
			);
			sourceTree = "<group>";
		};
		FF7A2F9E267DB3510045EBAF /* Products */ = {
			isa = PBXGroup;
			children = (
				FF7A2F9D267DB3510045EBAF /* tableViewWithSectionAndDic.app */,
			);
			name = Products;
			sourceTree = "<group>";
		};
		FF7A2F9F267DB3510045EBAF /* tableViewWithSectionAndDic */ = {
			isa = PBXGroup;
			children = (
				FF7A2FA0267DB3510045EBAF /* AppDelegate.swift */,
				FF7A2FA2267DB3510045EBAF /* SceneDelegate.swift */,
				FF7A2FA4267DB3510045EBAF /* ViewController.swift */,
				FF7A2FA6267DB3510045EBAF /* Main.storyboard */,
				FF7A2FA9267DB3530045EBAF /* Assets.xcassets */,
				FF7A2FAB267DB3530045EBAF /* LaunchScreen.storyboard */,
				FF7A2FAE267DB3530045EBAF /* Info.plist */,
			);
			path = tableViewWithSectionAndDic;
			sourceTree = "<group>";
		};
/* End PBXGroup section */

/* Begin PBXNativeTarget section */
		FF7A2F9C267DB3510045EBAF /* tableViewWithSectionAndDic */ = {
			isa = PBXNativeTarget;
			buildConfigurationList = FF7A2FB1267DB3530045EBAF /* Build configuration list for PBXNativeTarget "tableViewWithSectionAndDic" */;
			buildPhases = (
				FF7A2F99267DB3510045EBAF /* Sources */,
				FF7A2F9A267DB3510045EBAF /* Frameworks */,
				FF7A2F9B267DB3510045EBAF /* Resources */,
			);
			buildRules = (
			);
			dependencies = (
			);
			name = tableViewWithSectionAndDic;
			productName = tableViewWithSectionAndDic;
			productReference = FF7A2F9D267DB3510045EBAF /* tableViewWithSectionAndDic.app */;
			productType = "com.apple.product-type.application";
		};
/* End PBXNativeTarget section */

/* Begin PBXProject section */
		FF7A2F95267DB3510045EBAF /* Project object */ = {
			isa = PBXProject;
			attributes = {
				LastSwiftUpdateCheck = 1250;
				LastUpgradeCheck = 1250;
				TargetAttributes = {
					FF7A2F9C267DB3510045EBAF = {
						CreatedOnToolsVersion = 12.5;
					};
				};
			};
			buildConfigurationList = FF7A2F98267DB3510045EBAF /* Build configuration list for PBXProject "tableViewWithSectionAndDic" */;
			compatibilityVersion = "Xcode 9.3";
			developmentRegion = en;
			hasScannedForEncodings = 0;
			knownRegions = (
				en,
				Base,
			);
			mainGroup = FF7A2F94267DB3510045EBAF;
			productRefGroup = FF7A2F9E267DB3510045EBAF /* Products */;
			projectDirPath = "";
			projectRoot = "";
			targets = (
				FF7A2F9C267DB3510045EBAF /* tableViewWithSectionAndDic */,
			);
		};
/* End PBXProject section */

/* Begin PBXResourcesBuildPhase section */
		FF7A2F9B267DB3510045EBAF /* Resources */ = {
			isa = PBXResourcesBuildPhase;
			buildActionMask = 2147483647;
			files = (
				FF7A2FAD267DB3530045EBAF /* LaunchScreen.storyboard in Resources */,
				FF7A2FAA267DB3530045EBAF /* Assets.xcassets in Resources */,
				FF7A2FA8267DB3510045EBAF /* Main.storyboard in Resources */,
			);
			runOnlyForDeploymentPostprocessing = 0;
		};
/* End PBXResourcesBuildPhase section */

/* Begin PBXSourcesBuildPhase section */
		FF7A2F99267DB3510045EBAF /* Sources */ = {
			isa = PBXSourcesBuildPhase;
			buildActionMask = 2147483647;
			files = (
				FF7A2FA5267DB3510045EBAF /* ViewController.swift in Sources */,
				FF7A2FA1267DB3510045EBAF /* AppDelegate.swift in Sources */,
				FF7A2FA3267DB3510045EBAF /* SceneDelegate.swift in Sources */,
			);
			runOnlyForDeploymentPostprocessing = 0;
		};
/* End PBXSourcesBuildPhase section */

/* Begin PBXVariantGroup section */
		FF7A2FA6267DB3510045EBAF /* Main.storyboard */ = {
			isa = PBXVariantGroup;
			children = (
				FF7A2FA7267DB3510045EBAF /* Base */,
			);
			name = Main.storyboard;
			sourceTree = "<group>";
		};
		FF7A2FAB267DB3530045EBAF /* LaunchScreen.storyboard */ = {
			isa = PBXVariantGroup;
			children = (
				FF7A2FAC267DB3530045EBAF /* Base */,
			);
			name = LaunchScreen.storyboard;
			sourceTree = "<group>";
		};
/* End PBXVariantGroup section */

/* Begin XCBuildConfiguration section */
		FF7A2FAF267DB3530045EBAF /* Debug */ = {
			isa = XCBuildConfiguration;
			buildSettings = {
				ALWAYS_SEARCH_USER_PATHS = NO;
				CLANG_ANALYZER_NONNULL = YES;
				CLANG_ANALYZER_NUMBER_OBJECT_CONVERSION = YES_AGGRESSIVE;
				CLANG_CXX_LANGUAGE_STANDARD = "gnu++14";
				CLANG_CXX_LIBRARY = "libc++";
				CLANG_ENABLE_MODULES = YES;
				CLANG_ENABLE_OBJC_ARC = YES;
				CLANG_ENABLE_OBJC_WEAK = YES;
				CLANG_WARN_BLOCK_CAPTURE_AUTORELEASING = YES;
				CLANG_WARN_BOOL_CONVERSION = YES;
				CLANG_WARN_COMMA = YES;
				CLANG_WARN_CONSTANT_CONVERSION = YES;
				CLANG_WARN_DEPRECATED_OBJC_IMPLEMENTATIONS = YES;
				CLANG_WARN_DIRECT_OBJC_ISA_USAGE = YES_ERROR;
				CLANG_WARN_DOCUMENTATION_COMMENTS = YES;
				CLANG_WARN_EMPTY_BODY = YES;
				CLANG_WARN_ENUM_CONVERSION = YES;
				CLANG_WARN_INFINITE_RECURSION = YES;
				CLANG_WARN_INT_CONVERSION = YES;
				CLANG_WARN_NON_LITERAL_NULL_CONVERSION = YES;
				CLANG_WARN_OBJC_IMPLICIT_RETAIN_SELF = YES;
				CLANG_WARN_OBJC_LITERAL_CONVERSION = YES;
				CLANG_WARN_OBJC_ROOT_CLASS = YES_ERROR;
				CLANG_WARN_QUOTED_INCLUDE_IN_FRAMEWORK_HEADER = YES;
				CLANG_WARN_RANGE_LOOP_ANALYSIS = YES;
				CLANG_WARN_STRICT_PROTOTYPES = YES;
				CLANG_WARN_SUSPICIOUS_MOVE = YES;
				CLANG_WARN_UNGUARDED_AVAILABILITY = YES_AGGRESSIVE;
				CLANG_WARN_UNREACHABLE_CODE = YES;
				CLANG_WARN__DUPLICATE_METHOD_MATCH = YES;
				COPY_PHASE_STRIP = NO;
				DEBUG_INFORMATION_FORMAT = dwarf;
				ENABLE_STRICT_OBJC_MSGSEND = YES;
				ENABLE_TESTABILITY = YES;
				GCC_C_LANGUAGE_STANDARD = gnu11;
				GCC_DYNAMIC_NO_PIC = NO;
				GCC_NO_COMMON_BLOCKS = YES;
				GCC_OPTIMIZATION_LEVEL = 0;
				GCC_PREPROCESSOR_DEFINITIONS = (
					"DEBUG=1",
					"$(inherited)",
				);
				GCC_WARN_64_TO_32_BIT_CONVERSION = YES;
				GCC_WARN_ABOUT_RETURN_TYPE = YES_ERROR;
				GCC_WARN_UNDECLARED_SELECTOR = YES;
				GCC_WARN_UNINITIALIZED_AUTOS = YES_AGGRESSIVE;
				GCC_WARN_UNUSED_FUNCTION = YES;
				GCC_WARN_UNUSED_VARIABLE = YES;
				IPHONEOS_DEPLOYMENT_TARGET = 14.5;
				MTL_ENABLE_DEBUG_INFO = INCLUDE_SOURCE;
				MTL_FAST_MATH = YES;
				ONLY_ACTIVE_ARCH = YES;
				SDKROOT = iphoneos;
				SWIFT_ACTIVE_COMPILATION_CONDITIONS = DEBUG;
				SWIFT_OPTIMIZATION_LEVEL = "-Onone";
			};
			name = Debug;
		};
		FF7A2FB0267DB3530045EBAF /* Release */ = {
			isa = XCBuildConfiguration;
			buildSettings = {
				ALWAYS_SEARCH_USER_PATHS = NO;
				CLANG_ANALYZER_NONNULL = YES;
				CLANG_ANALYZER_NUMBER_OBJECT_CONVERSION = YES_AGGRESSIVE;
				CLANG_CXX_LANGUAGE_STANDARD = "gnu++14";
				CLANG_CXX_LIBRARY = "libc++";
				CLANG_ENABLE_MODULES = YES;
				CLANG_ENABLE_OBJC_ARC = YES;
				CLANG_ENABLE_OBJC_WEAK = YES;
				CLANG_WARN_BLOCK_CAPTURE_AUTORELEASING = YES;
				CLANG_WARN_BOOL_CONVERSION = YES;
				CLANG_WARN_COMMA = YES;
				CLANG_WARN_CONSTANT_CONVERSION = YES;
				CLANG_WARN_DEPRECATED_OBJC_IMPLEMENTATIONS = YES;
				CLANG_WARN_DIRECT_OBJC_ISA_USAGE = YES_ERROR;
				CLANG_WARN_DOCUMENTATION_COMMENTS = YES;
				CLANG_WARN_EMPTY_BODY = YES;
				CLANG_WARN_ENUM_CONVERSION = YES;
				CLANG_WARN_INFINITE_RECURSION = YES;
				CLANG_WARN_INT_CONVERSION = YES;
				CLANG_WARN_NON_LITERAL_NULL_CONVERSION = YES;
				CLANG_WARN_OBJC_IMPLICIT_RETAIN_SELF = YES;
				CLANG_WARN_OBJC_LITERAL_CONVERSION = YES;
				CLANG_WARN_OBJC_ROOT_CLASS = YES_ERROR;
				CLANG_WARN_QUOTED_INCLUDE_IN_FRAMEWORK_HEADER = YES;
				CLANG_WARN_RANGE_LOOP_ANALYSIS = YES;
				CLANG_WARN_STRICT_PROTOTYPES = YES;
				CLANG_WARN_SUSPICIOUS_MOVE = YES;
				CLANG_WARN_UNGUARDED_AVAILABILITY = YES_AGGRESSIVE;
				CLANG_WARN_UNREACHABLE_CODE = YES;
				CLANG_WARN__DUPLICATE_METHOD_MATCH = YES;
				COPY_PHASE_STRIP = NO;
				DEBUG_INFORMATION_FORMAT = "dwarf-with-dsym";
				ENABLE_NS_ASSERTIONS = NO;
				ENABLE_STRICT_OBJC_MSGSEND = YES;
				GCC_C_LANGUAGE_STANDARD = gnu11;
				GCC_NO_COMMON_BLOCKS = YES;
				GCC_WARN_64_TO_32_BIT_CONVERSION = YES;
				GCC_WARN_ABOUT_RETURN_TYPE = YES_ERROR;
				GCC_WARN_UNDECLARED_SELECTOR = YES;
				GCC_WARN_UNINITIALIZED_AUTOS = YES_AGGRESSIVE;
				GCC_WARN_UNUSED_FUNCTION = YES;
				GCC_WARN_UNUSED_VARIABLE = YES;
				IPHONEOS_DEPLOYMENT_TARGET = 14.5;
				MTL_ENABLE_DEBUG_INFO = NO;
				MTL_FAST_MATH = YES;
				SDKROOT = iphoneos;
				SWIFT_COMPILATION_MODE = wholemodule;
				SWIFT_OPTIMIZATION_LEVEL = "-O";
				VALIDATE_PRODUCT = YES;
			};
			name = Release;
		};
		FF7A2FB2267DB3530045EBAF /* Debug */ = {
			isa = XCBuildConfiguration;
			buildSettings = {
				ASSETCATALOG_COMPILER_APPICON_NAME = AppIcon;
				ASSETCATALOG_COMPILER_GLOBAL_ACCENT_COLOR_NAME = AccentColor;
				CODE_SIGN_STYLE = Automatic;
				INFOPLIST_FILE = tableViewWithSectionAndDic/Info.plist;
				LD_RUNPATH_SEARCH_PATHS = (
					"$(inherited)",
					"@executable_path/Frameworks",
				);
				PRODUCT_BUNDLE_IDENTIFIER = minal.tableViewWithSectionAndDic;
				PRODUCT_NAME = "$(TARGET_NAME)";
				SWIFT_VERSION = 5.0;
				TARGETED_DEVICE_FAMILY = "1,2";
			};
			name = Debug;
		};
		FF7A2FB3267DB3530045EBAF /* Release */ = {
			isa = XCBuildConfiguration;
			buildSettings = {
				ASSETCATALOG_COMPILER_APPICON_NAME = AppIcon;
				ASSETCATALOG_COMPILER_GLOBAL_ACCENT_COLOR_NAME = AccentColor;
				CODE_SIGN_STYLE = Automatic;
				INFOPLIST_FILE = tableViewWithSectionAndDic/Info.plist;
				LD_RUNPATH_SEARCH_PATHS = (
					"$(inherited)",
					"@executable_path/Frameworks",
				);
				PRODUCT_BUNDLE_IDENTIFIER = minal.tableViewWithSectionAndDic;
				PRODUCT_NAME = "$(TARGET_NAME)";
				SWIFT_VERSION = 5.0;
				TARGETED_DEVICE_FAMILY = "1,2";
			};
			name = Release;
		};
/* End XCBuildConfiguration section */

/* Begin XCConfigurationList section */
		FF7A2F98267DB3510045EBAF /* Build configuration list for PBXProject "tableViewWithSectionAndDic" */ = {
			isa = XCConfigurationList;
			buildConfigurations = (
				FF7A2FAF267DB3530045EBAF /* Debug */,
				FF7A2FB0267DB3530045EBAF /* Release */,
			);
			defaultConfigurationIsVisible = 0;
			defaultConfigurationName = Release;
		};
		FF7A2FB1267DB3530045EBAF /* Build configuration list for PBXNativeTarget "tableViewWithSectionAndDic" */ = {
			isa = XCConfigurationList;
			buildConfigurations = (
				FF7A2FB2267DB3530045EBAF /* Debug */,
				FF7A2FB3267DB3530045EBAF /* Release */,
			);
			defaultConfigurationIsVisible = 0;
			defaultConfigurationName = Release;
		};
/* End XCConfigurationList section */
	};
	rootObject = FF7A2F95267DB3510045EBAF /* Project object */;
}
